
Microsoft Visual Studio Solution File, Format Version 12.00
# Visual Studio 14
VisualStudioVersion = 14.0.25420.1
MinimumVisualStudioVersion = 10.0.40219.1
Project("{FAE04EC0-301F-11D3-BF4B-00C04F79EFBC}") = "SimpleTest", "SimpleTest\SimpleTest.csproj", "{C0EC5337-8140-43F6-B1FF-03296E6191E5}"
EndProject
Project("{FAE04EC0-301F-11D3-BF4B-00C04F79EFBC}") = "SimpleTestTests", "SimpleTestTests\SimpleTestTests.csproj", "{E67249AA-E359-465D-A2FB-3BA7FCF6E95A}"
EndProject
Global
	GlobalSection(SolutionConfigurationPlatforms) = preSolution
		Debug|Any CPU = Debug|Any CPU
		Release|Any CPU = Release|Any CPU
	EndGlobalSection
	GlobalSection(ProjectConfigurationPlatforms) = postSolution
		{C0EC5337-8140-43F6-B1FF-03296E6191E5}.Debug|Any CPU.ActiveCfg = Debug|Any CPU
		{C0EC5337-8140-43F6-B1FF-03296E6191E5}.Debug|Any CPU.Build.0 = Debug|Any CPU
		{C0EC5337-8140-43F6-B1FF-03296E6191E5}.Release|Any CPU.ActiveCfg = Release|Any CPU
		{C0EC5337-8140-43F6-B1FF-03296E6191E5}.Release|Any CPU.Build.0 = Release|Any CPU
		{E67249AA-E359-465D-A2FB-3BA7FCF6E95A}.Debug|Any CPU.ActiveCfg = Debug|Any CPU
		{E67249AA-E359-465D-A2FB-3BA7FCF6E95A}.Debug|Any CPU.Build.0 = Debug|Any CPU
		{E67249AA-E359-465D-A2FB-3BA7FCF6E95A}.Release|Any CPU.ActiveCfg = Release|Any CPU
		{E67249AA-E359-465D-A2FB-3BA7FCF6E95A}.Release|Any CPU.Build.0 = Release|Any CPU
	EndGlobalSection
	GlobalSection(SolutionProperties) = preSolution
		HideSolutionNode = FALSE
	EndGlobalSection
EndGlobal
